
Microsoft Visual Studio Solution File, Format Version 12.00
# Visual Studio 2013
VisualStudioVersion = 12.0.31101.0
MinimumVisualStudioVersion = 10.0.40219.1
Project("{FAE04EC0-301F-11D3-BF4B-00C04F79EFBC}") = "MvcSalesService", "MvcSalesService\MvcSalesService.csproj", "{43B8C467-18BF-48A6-B59C-7A206EBA3C9B}"
EndProject
Project("{FAE04EC0-301F-11D3-BF4B-00C04F79EFBC}") = "DAL", "DAL\DAL.csproj", "{66288FF8-10C9-46D1-898F-D6C987145C16}"
EndProject
Project("{FAE04EC0-301F-11D3-BF4B-00C04F79EFBC}") = "Model", "Model\Model.csproj", "{20138D44-0191-41DA-9595-AA70EB0CCBB6}"
EndProject
Global
	GlobalSection(SolutionConfigurationPlatforms) = preSolution
		Debug|Any CPU = Debug|Any CPU
		Release|Any CPU = Release|Any CPU
	EndGlobalSection
	GlobalSection(ProjectConfigurationPlatforms) = postSolution
		{43B8C467-18BF-48A6-B59C-7A206EBA3C9B}.Debug|Any CPU.ActiveCfg = Debug|Any CPU
		{43B8C467-18BF-48A6-B59C-7A206EBA3C9B}.Debug|Any CPU.Build.0 = Debug|Any CPU
		{43B8C467-18BF-48A6-B59C-7A206EBA3C9B}.Release|Any CPU.ActiveCfg = Release|Any CPU
		{43B8C467-18BF-48A6-B59C-7A206EBA3C9B}.Release|Any CPU.Build.0 = Release|Any CPU
		{66288FF8-10C9-46D1-898F-D6C987145C16}.Debug|Any CPU.ActiveCfg = Debug|Any CPU
		{66288FF8-10C9-46D1-898F-D6C987145C16}.Debug|Any CPU.Build.0 = Debug|Any CPU
		{66288FF8-10C9-46D1-898F-D6C987145C16}.Release|Any CPU.ActiveCfg = Release|Any CPU
		{66288FF8-10C9-46D1-898F-D6C987145C16}.Release|Any CPU.Build.0 = Release|Any CPU
		{20138D44-0191-41DA-9595-AA70EB0CCBB6}.Debug|Any CPU.ActiveCfg = Debug|Any CPU
		{20138D44-0191-41DA-9595-AA70EB0CCBB6}.Debug|Any CPU.Build.0 = Debug|Any CPU
		{20138D44-0191-41DA-9595-AA70EB0CCBB6}.Release|Any CPU.ActiveCfg = Release|Any CPU
		{20138D44-0191-41DA-9595-AA70EB0CCBB6}.Release|Any CPU.Build.0 = Release|Any CPU
	EndGlobalSection
	GlobalSection(SolutionProperties) = preSolution
		HideSolutionNode = FALSE
	EndGlobalSection
EndGlobal
